<?xml version="1.0" encoding="utf-8"?>
<Project ToolsVersion="4.0" xmlns="http://schemas.microsoft.com/developer/msbuild/2003">
  <ItemGroup>
    <Filter Include="Source Files">
      <UniqueIdentifier>{4FC737F1-C7A5-4376-A066-2A32D752A2FF}</UniqueIdentifier>
      <Extensions>cpp;c;cc;cxx;def;odl;idl;hpj;bat;asm;asmx</Extensions>
    </Filter>
    <Filter Include="Header Files">
      <UniqueIdentifier>{93995380-89BD-4b04-88EB-625FBE52EBFB}</UniqueIdentifier>
      <Extensions>h;hh;hpp;hxx;hm;inl;inc;ipp;xsd</Extensions>
    </Filter>
    <Filter Include="Resource Files">
      <UniqueIdentifier>{67DA6AB6-F800-4c08-8B7A-83BB121AAD01}</UniqueIdentifier>
      <Extensions>rc;ico;cur;bmp;dlg;rc2;rct;bin;rgs;gif;jpg;jpeg;jpe;resx;tiff;tif;png;wav;mfcribbon-ms</Extensions>
    </Filter>
    <Filter Include="shaders">
      <UniqueIdentifier>{3ed1f66f-f004-4157-bca3-8f534741b577}</UniqueIdentifier>
    </Filter>
    <Filter Include="imgui">
      <UniqueIdentifier>{e7929f05-ba26-4a2d-ad32-a7958278c33c}</UniqueIdentifier>
    </Filter>
    <Filter Include="NewFilter1">
      <UniqueIdentifier>{61281f00-f8b1-4fb5-b67a-dc4d106bd0e9}</UniqueIdentifier>
    </Filter>
  </ItemGroup>
  <ItemGroup>
    <ClCompile Include="Shader.cpp">
      <Filter>Source Files</Filter>
    </ClCompile>
    <ClCompile Include="glad.c">
      <Filter>Header Files</Filter>
    </ClCompile>
    <ClCompile Include="stb_image.cpp">
      <Filter>Source Files</Filter>
    </ClCompile>
    <ClCompile Include="Texture2D.cpp">
      <Filter>Source Files</Filter>
    </ClCompile>
    <ClCompile Include="Mesh.cpp">
      <Filter>Source Files</Filter>
    </ClCompile>
    <ClCompile Include="Model.cpp">
      <Filter>Source Files</Filter>
    </ClCompile>
    <ClCompile Include="..\Dependencies\imgui\imgui.cpp">
      <Filter>imgui</Filter>
    </ClCompile>
    <ClCompile Include="..\Dependencies\imgui\imgui_demo.cpp">
      <Filter>imgui</Filter>
    </ClCompile>
    <ClCompile Include="..\Dependencies\imgui\imgui_draw.cpp">
      <Filter>imgui</Filter>
    </ClCompile>
    <ClCompile Include="..\Dependencies\imgui\imgui_impl_glfw.cpp">
      <Filter>imgui</Filter>
    </ClCompile>
    <ClCompile Include="..\Dependencies\imgui\imgui_impl_opengl3.cpp">
      <Filter>imgui</Filter>
    </ClCompile>
    <ClCompile Include="..\Dependencies\imgui\imgui_widgets.cpp">
      <Filter>imgui</Filter>
    </ClCompile>
    <ClCompile Include="CubeMap.cpp">
      <Filter>Source Files</Filter>
    </ClCompile>
    <ClCompile Include="Application.cpp">
      <Filter>Source Files</Filter>
    </ClCompile>
    <ClCompile Include="Light.cpp">
      <Filter>Source Files</Filter>
    </ClCompile>
    <ClCompile Include="Buffers.cpp">
      <Filter>Source Files</Filter>
    </ClCompile>
    <ClCompile Include="..\Dependencies\imgui\imgui_tables.cpp">
      <Filter>imgui</Filter>
    </ClCompile>
    <ClCompile Include="FileHandler.cpp">
      <Filter>Source Files</Filter>
    </ClCompile>
    <ClCompile Include="main.cpp">
      <Filter>Source Files</Filter>
    </ClCompile>
    <ClCompile Include="Animation.cpp">
      <Filter>Source Files</Filter>
    </ClCompile>
  </ItemGroup>
  <ItemGroup>
    <ClInclude Include="Timer.h">
      <Filter>Header Files</Filter>
    </ClInclude>
    <ClInclude Include="Shader.h">
      <Filter>Header Files</Filter>
    </ClInclude>
    <ClInclude Include="..\..\..\..\Downloads\stb_image.h">
      <Filter>Header Files</Filter>
    </ClInclude>
    <ClInclude Include="Texture2D.h">
      <Filter>Header Files</Filter>
    </ClInclude>
    <ClInclude Include="Camera.h">
      <Filter>Header Files</Filter>
    </ClInclude>
    <ClInclude Include="Mesh.h">
      <Filter>Header Files</Filter>
    </ClInclude>
    <ClInclude Include="Model.h">
      <Filter>Header Files</Filter>
    </ClInclude>
    <ClInclude Include="CubeMap.h">
      <Filter>Header Files</Filter>
    </ClInclude>
    <ClInclude Include="Image.h">
      <Filter>Header Files</Filter>
    </ClInclude>
    <ClInclude Include="Application.h">
      <Filter>Header Files</Filter>
    </ClInclude>
    <ClInclude Include="Light.h">
      <Filter>Header Files</Filter>
    </ClInclude>
    <ClInclude Include="Buffers.h">
      <Filter>Header Files</Filter>
    </ClInclude>
    <ClInclude Include="debug.h">
      <Filter>Header Files</Filter>
    </ClInclude>
    <ClInclude Include="FileHandler.h">
      <Filter>Header Files</Filter>
    </ClInclude>
    <ClInclude Include="Animation.h">
      <Filter>Header Files</Filter>
    </ClInclude>
  </ItemGroup>
  <ItemGroup>
    <None Include="Shader.vert">
      <Filter>shaders</Filter>
    </None>
    <None Include="Shader.frag">
      <Filter>shaders</Filter>
    </None>
    <None Include="lightShader.vert">
      <Filter>shaders</Filter>
    </None>
    <None Include="lightShader.frag">
      <Filter>shaders</Filter>
    </None>
    <None Include="SkyboxShader.vert">
      <Filter>shaders</Filter>
    </None>
    <None Include="SkyboxShader.frag">
      <Filter>shaders</Filter>
    </None>
    <None Include="ImageShader.vert">
      <Filter>shaders</Filter>
    </None>
    <None Include="ImageShader.frag">
      <Filter>shaders</Filter>
    </None>
    <None Include="ShadowDepthShader.vert">
      <Filter>shaders</Filter>
    </None>
    <None Include="ShadowDepthShader.frag">
      <Filter>shaders</Filter>
    </None>
    <None Include="ShowShadowMap.vert">
      <Filter>shaders</Filter>
    </None>
    <None Include="ShowShadowMap.frag">
      <Filter>shaders</Filter>
    </None>
    <None Include="PostProcessingBasic.frag">
      <Filter>shaders</Filter>
    </None>
    <None Include="GaussianBlurShader.frag">
      <Filter>shaders</Filter>
    </None>
    <None Include="3DquadShader.vert">
      <Filter>shaders</Filter>
    </None>
    <None Include="3DquadShader.frag">
      <Filter>shaders</Filter>
    </None>
    <None Include="shaders\3DquadShader.frag">
      <Filter>shaders</Filter>
    </None>
    <None Include="shaders\3DquadShader.vert">
      <Filter>shaders</Filter>
    </None>
    <None Include="shaders\BlinnPhongShader.frag">
      <Filter>shaders</Filter>
    </None>
    <None Include="shaders\BlinnPhongShader.vert">
      <Filter>shaders</Filter>
    </None>
    <None Include="shaders\GaussianBlurShader.frag">
      <Filter>shaders</Filter>
    </None>
    <None Include="shaders\ImageShader.frag">
      <Filter>shaders</Filter>
    </None>
    <None Include="shaders\ImageShader.vert">
      <Filter>shaders</Filter>
    </None>
    <None Include="shaders\lightShader.frag">
      <Filter>shaders</Filter>
    </None>
    <None Include="shaders\lightShader.vert">
      <Filter>shaders</Filter>
    </None>
    <None Include="shaders\PostProcessingBasic.frag">
      <Filter>shaders</Filter>
    </None>
    <None Include="shaders\ShadowDepthShader.frag">
      <Filter>shaders</Filter>
    </None>
    <None Include="shaders\ShadowDepthShader.vert">
      <Filter>shaders</Filter>
    </None>
    <None Include="shaders\ShowShadowMap.frag">
      <Filter>shaders</Filter>
    </None>
    <None Include="shaders\ShowShadowMap.vert">
      <Filter>shaders</Filter>
    </None>
    <None Include="shaders\SkyboxShader.frag">
      <Filter>shaders</Filter>
    </None>
    <None Include="shaders\SkyboxShader.vert">
      <Filter>shaders</Filter>
    </None>
    <None Include="PointLightDepthShader.vert">
      <Filter>shaders</Filter>
    </None>
    <None Include="PointLightDepthShader.frag">
      <Filter>shaders</Filter>
    </None>
    <None Include="PointLightDepthShader.geo">
      <Filter>shaders</Filter>
    </None>
    <None Include="PBRShader.vert">
      <Filter>shaders</Filter>
    </None>
    <None Include="PBRShader.frag">
      <Filter>shaders</Filter>
    </None>
    <None Include="RectToCubeMap.vert">
      <Filter>shaders</Filter>
    </None>
    <None Include="RectToCubeMap.frag">
      <Filter>shaders</Filter>
    </None>
    <None Include="HDRSkyboxShader.vert">
      <Filter>shaders</Filter>
    </None>
    <None Include="HDRSkyboxShader.frag">
      <Filter>shaders</Filter>
    </None>
    <None Include="EnvMapConvolution.frag">
      <Filter>shaders</Filter>
    </None>
    <None Include="EnvMapConvolution.vert">
      <Filter>shaders</Filter>
    </None>
    <None Include="IBLPrefilterShader.vert">
      <Filter>shaders</Filter>
    </None>
    <None Include="IBLPrefilterShader.frag">
      <Filter>shaders</Filter>
    </None>
    <None Include="BRDFConvolutionShader.vert">
      <Filter>shaders</Filter>
    </None>
    <None Include="BRDFConvolutionShader.frag">
      <Filter>shaders</Filter>
    </None>
  </ItemGroup>
</Project>